// !$*UTF8*$!
{
	archiveVersion = 1;
	classes = {
	};
	objectVersion = 56;
	objects = {

/* Begin PBXBuildFile section */
		C14FAC7C2941F4510057C3DB /* AppDelegate.swift in Sources */ = {isa = PBXBuildFile; fileRef = C14FAC7B2941F4510057C3DB /* AppDelegate.swift */; };
		C14FAC7E2941F4510057C3DB /* SceneDelegate.swift in Sources */ = {isa = PBXBuildFile; fileRef = C14FAC7D2941F4510057C3DB /* SceneDelegate.swift */; };
		C14FAC852941F4520057C3DB /* Assets.xcassets in Resources */ = {isa = PBXBuildFile; fileRef = C14FAC842941F4520057C3DB /* Assets.xcassets */; };
		C14FAC882941F4520057C3DB /* LaunchScreen.storyboard in Resources */ = {isa = PBXBuildFile; fileRef = C14FAC862941F4520057C3DB /* LaunchScreen.storyboard */; };
		C14FAC952941F60C0057C3DB /* TabBarController.swift in Sources */ = {isa = PBXBuildFile; fileRef = C14FAC942941F60C0057C3DB /* TabBarController.swift */; };
		C14FAC972941F7390057C3DB /* FeedController.swift in Sources */ = {isa = PBXBuildFile; fileRef = C14FAC962941F7390057C3DB /* FeedController.swift */; };
		C14FAC992941F7400057C3DB /* SearchController.swift in Sources */ = {isa = PBXBuildFile; fileRef = C14FAC982941F7400057C3DB /* SearchController.swift */; };
		C14FAC9B2941F7550057C3DB /* ProfileController.swift in Sources */ = {isa = PBXBuildFile; fileRef = C14FAC9A2941F7550057C3DB /* ProfileController.swift */; };
		C14FAC9D2941F8E10057C3DB /* PhotoController.swift in Sources */ = {isa = PBXBuildFile; fileRef = C14FAC9C2941F8E10057C3DB /* PhotoController.swift */; };
/* End PBXBuildFile section */

/* Begin PBXFileReference section */
		C14FAC782941F4510057C3DB /* Running_Hi.app */ = {isa = PBXFileReference; explicitFileType = wrapper.application; includeInIndex = 0; path = Running_Hi.app; sourceTree = BUILT_PRODUCTS_DIR; };
		C14FAC7B2941F4510057C3DB /* AppDelegate.swift */ = {isa = PBXFileReference; lastKnownFileType = sourcecode.swift; path = AppDelegate.swift; sourceTree = "<group>"; };
		C14FAC7D2941F4510057C3DB /* SceneDelegate.swift */ = {isa = PBXFileReference; lastKnownFileType = sourcecode.swift; path = SceneDelegate.swift; sourceTree = "<group>"; };
		C14FAC842941F4520057C3DB /* Assets.xcassets */ = {isa = PBXFileReference; lastKnownFileType = folder.assetcatalog; path = Assets.xcassets; sourceTree = "<group>"; };
		C14FAC872941F4520057C3DB /* Base */ = {isa = PBXFileReference; lastKnownFileType = file.storyboard; name = Base; path = Base.lproj/LaunchScreen.storyboard; sourceTree = "<group>"; };
		C14FAC892941F4520057C3DB /* Info.plist */ = {isa = PBXFileReference; lastKnownFileType = text.plist.xml; path = Info.plist; sourceTree = "<group>"; };
		C14FAC942941F60C0057C3DB /* TabBarController.swift */ = {isa = PBXFileReference; lastKnownFileType = sourcecode.swift; path = TabBarController.swift; sourceTree = "<group>"; };
		C14FAC962941F7390057C3DB /* FeedController.swift */ = {isa = PBXFileReference; lastKnownFileType = sourcecode.swift; path = FeedController.swift; sourceTree = "<group>"; };
		C14FAC982941F7400057C3DB /* SearchController.swift */ = {isa = PBXFileReference; lastKnownFileType = sourcecode.swift; path = SearchController.swift; sourceTree = "<group>"; };
		C14FAC9A2941F7550057C3DB /* ProfileController.swift */ = {isa = PBXFileReference; lastKnownFileType = sourcecode.swift; path = ProfileController.swift; sourceTree = "<group>"; };
		C14FAC9C2941F8E10057C3DB /* PhotoController.swift */ = {isa = PBXFileReference; lastKnownFileType = sourcecode.swift; path = PhotoController.swift; sourceTree = "<group>"; };
/* End PBXFileReference section */

/* Begin PBXFrameworksBuildPhase section */
		C14FAC752941F4510057C3DB /* Frameworks */ = {
			isa = PBXFrameworksBuildPhase;
			buildActionMask = 2147483647;
			files = (
			);
			runOnlyForDeploymentPostprocessing = 0;
		};
/* End PBXFrameworksBuildPhase section */

/* Begin PBXGroup section */
		C14FAC6F2941F4510057C3DB = {
			isa = PBXGroup;
			children = (
				C14FAC7A2941F4510057C3DB /* Running_Hi */,
				C14FAC792941F4510057C3DB /* Products */,
			);
			sourceTree = "<group>";
		};
		C14FAC792941F4510057C3DB /* Products */ = {
			isa = PBXGroup;
			children = (
				C14FAC782941F4510057C3DB /* Running_Hi.app */,
			);
			name = Products;
			sourceTree = "<group>";
		};
		C14FAC7A2941F4510057C3DB /* Running_Hi */ = {
			isa = PBXGroup;
			children = (
				C14FAC932941F5DA0057C3DB /* Service */,
				C14FAC922941F5D00057C3DB /* Model */,
				C14FAC912941F5C40057C3DB /* ViewModel */,
				C14FAC902941F5BE0057C3DB /* View */,
				C14FAC8F2941F5B50057C3DB /* Controller */,
				C14FAC7B2941F4510057C3DB /* AppDelegate.swift */,
				C14FAC7D2941F4510057C3DB /* SceneDelegate.swift */,
				C14FAC842941F4520057C3DB /* Assets.xcassets */,
				C14FAC862941F4520057C3DB /* LaunchScreen.storyboard */,
				C14FAC892941F4520057C3DB /* Info.plist */,
			);
			path = Running_Hi;
			sourceTree = "<group>";
		};
		C14FAC8F2941F5B50057C3DB /* Controller */ = {
			isa = PBXGroup;
			children = (
				C14FAC9E2941FFE20057C3DB /* Authentication */,
				C14FAC942941F60C0057C3DB /* TabBarController.swift */,
				C14FAC962941F7390057C3DB /* FeedController.swift */,
				C14FAC982941F7400057C3DB /* SearchController.swift */,
				C14FAC9C2941F8E10057C3DB /* PhotoController.swift */,
				C14FAC9A2941F7550057C3DB /* ProfileController.swift */,
			);
			path = Controller;
			sourceTree = "<group>";
		};
		C14FAC902941F5BE0057C3DB /* View */ = {
			isa = PBXGroup;
			children = (
			);
			path = View;
			sourceTree = "<group>";
		};
		C14FAC912941F5C40057C3DB /* ViewModel */ = {
			isa = PBXGroup;
			children = (
			);
			path = ViewModel;
			sourceTree = "<group>";
		};
		C14FAC922941F5D00057C3DB /* Model */ = {
			isa = PBXGroup;
			children = (
			);
			path = Model;
			sourceTree = "<group>";
		};
		C14FAC932941F5DA0057C3DB /* Service */ = {
			isa = PBXGroup;
			children = (
			);
			path = Service;
			sourceTree = "<group>";
		};
		C14FAC9E2941FFE20057C3DB /* Authentication */ = {
			isa = PBXGroup;
			children = (
			);
			path = Authentication;
			sourceTree = "<group>";
		};
/* End PBXGroup section */

/* Begin PBXNativeTarget section */
		C14FAC772941F4510057C3DB /* Running_Hi */ = {
			isa = PBXNativeTarget;
			buildConfigurationList = C14FAC8C2941F4520057C3DB /* Build configuration list for PBXNativeTarget "Running_Hi" */;
			buildPhases = (
				C14FAC742941F4510057C3DB /* Sources */,
				C14FAC752941F4510057C3DB /* Frameworks */,
				C14FAC762941F4510057C3DB /* Resources */,
			);
			buildRules = (
			);
			dependencies = (
			);
			name = Running_Hi;
			productName = Running_Hi;
			productReference = C14FAC782941F4510057C3DB /* Running_Hi.app */;
			productType = "com.apple.product-type.application";
		};
/* End PBXNativeTarget section */

/* Begin PBXProject section */
		C14FAC702941F4510057C3DB /* Project object */ = {
			isa = PBXProject;
			attributes = {
				BuildIndependentTargetsInParallel = 1;
				LastSwiftUpdateCheck = 1410;
				LastUpgradeCheck = 1410;
				TargetAttributes = {
					C14FAC772941F4510057C3DB = {
						CreatedOnToolsVersion = 14.1;
					};
				};
			};
			buildConfigurationList = C14FAC732941F4510057C3DB /* Build configuration list for PBXProject "Running_Hi" */;
			compatibilityVersion = "Xcode 14.0";
			developmentRegion = en;
			hasScannedForEncodings = 0;
			knownRegions = (
				en,
				Base,
			);
			mainGroup = C14FAC6F2941F4510057C3DB;
			productRefGroup = C14FAC792941F4510057C3DB /* Products */;
			projectDirPath = "";
			projectRoot = "";
			targets = (
				C14FAC772941F4510057C3DB /* Running_Hi */,
			);
		};
/* End PBXProject section */

/* Begin PBXResourcesBuildPhase section */
		C14FAC762941F4510057C3DB /* Resources */ = {
			isa = PBXResourcesBuildPhase;
			buildActionMask = 2147483647;
			files = (
				C14FAC882941F4520057C3DB /* LaunchScreen.storyboard in Resources */,
				C14FAC852941F4520057C3DB /* Assets.xcassets in Resources */,
			);
			runOnlyForDeploymentPostprocessing = 0;
		};
/* End PBXResourcesBuildPhase section */

/* Begin PBXSourcesBuildPhase section */
		C14FAC742941F4510057C3DB /* Sources */ = {
			isa = PBXSourcesBuildPhase;
			buildActionMask = 2147483647;
			files = (
				C14FAC952941F60C0057C3DB /* TabBarController.swift in Sources */,
				C14FAC992941F7400057C3DB /* SearchController.swift in Sources */,
				C14FAC7C2941F4510057C3DB /* AppDelegate.swift in Sources */,
				C14FAC9D2941F8E10057C3DB /* PhotoController.swift in Sources */,
				C14FAC7E2941F4510057C3DB /* SceneDelegate.swift in Sources */,
				C14FAC972941F7390057C3DB /* FeedController.swift in Sources */,
				C14FAC9B2941F7550057C3DB /* ProfileController.swift in Sources */,
			);
			runOnlyForDeploymentPostprocessing = 0;
		};
/* End PBXSourcesBuildPhase section */

/* Begin PBXVariantGroup section */
		C14FAC862941F4520057C3DB /* LaunchScreen.storyboard */ = {
			isa = PBXVariantGroup;
			children = (
				C14FAC872941F4520057C3DB /* Base */,
			);
			name = LaunchScreen.storyboard;
			sourceTree = "<group>";
		};
/* End PBXVariantGroup section */

/* Begin XCBuildConfiguration section */
		C14FAC8A2941F4520057C3DB /* Debug */ = {
			isa = XCBuildConfiguration;
			buildSettings = {
				ALWAYS_SEARCH_USER_PATHS = NO;
				CLANG_ANALYZER_NONNULL = YES;
				CLANG_ANALYZER_NUMBER_OBJECT_CONVERSION = YES_AGGRESSIVE;
				CLANG_CXX_LANGUAGE_STANDARD = "gnu++20";
				CLANG_ENABLE_MODULES = YES;
				CLANG_ENABLE_OBJC_ARC = YES;
				CLANG_ENABLE_OBJC_WEAK = YES;
				CLANG_WARN_BLOCK_CAPTURE_AUTORELEASING = YES;
				CLANG_WARN_BOOL_CONVERSION = YES;
				CLANG_WARN_COMMA = YES;
				CLANG_WARN_CONSTANT_CONVERSION = YES;
				CLANG_WARN_DEPRECATED_OBJC_IMPLEMENTATIONS = YES;
				CLANG_WARN_DIRECT_OBJC_ISA_USAGE = YES_ERROR;
				CLANG_WARN_DOCUMENTATION_COMMENTS = YES;
				CLANG_WARN_EMPTY_BODY = YES;
				CLANG_WARN_ENUM_CONVERSION = YES;
				CLANG_WARN_INFINITE_RECURSION = YES;
				CLANG_WARN_INT_CONVERSION = YES;
				CLANG_WARN_NON_LITERAL_NULL_CONVERSION = YES;
				CLANG_WARN_OBJC_IMPLICIT_RETAIN_SELF = YES;
				CLANG_WARN_OBJC_LITERAL_CONVERSION = YES;
				CLANG_WARN_OBJC_ROOT_CLASS = YES_ERROR;
				CLANG_WARN_QUOTED_INCLUDE_IN_FRAMEWORK_HEADER = YES;
				CLANG_WARN_RANGE_LOOP_ANALYSIS = YES;
				CLANG_WARN_STRICT_PROTOTYPES = YES;
				CLANG_WARN_SUSPICIOUS_MOVE = YES;
				CLANG_WARN_UNGUARDED_AVAILABILITY = YES_AGGRESSIVE;
				CLANG_WARN_UNREACHABLE_CODE = YES;
				CLANG_WARN__DUPLICATE_METHOD_MATCH = YES;
				COPY_PHASE_STRIP = NO;
				DEBUG_INFORMATION_FORMAT = dwarf;
				ENABLE_STRICT_OBJC_MSGSEND = YES;
				ENABLE_TESTABILITY = YES;
				GCC_C_LANGUAGE_STANDARD = gnu11;
				GCC_DYNAMIC_NO_PIC = NO;
				GCC_NO_COMMON_BLOCKS = YES;
				GCC_OPTIMIZATION_LEVEL = 0;
				GCC_PREPROCESSOR_DEFINITIONS = (
					"DEBUG=1",
					"$(inherited)",
				);
				GCC_WARN_64_TO_32_BIT_CONVERSION = YES;
				GCC_WARN_ABOUT_RETURN_TYPE = YES_ERROR;
				GCC_WARN_UNDECLARED_SELECTOR = YES;
				GCC_WARN_UNINITIALIZED_AUTOS = YES_AGGRESSIVE;
				GCC_WARN_UNUSED_FUNCTION = YES;
				GCC_WARN_UNUSED_VARIABLE = YES;
				IPHONEOS_DEPLOYMENT_TARGET = 16.1;
				MTL_ENABLE_DEBUG_INFO = INCLUDE_SOURCE;
				MTL_FAST_MATH = YES;
				ONLY_ACTIVE_ARCH = YES;
				SDKROOT = iphoneos;
				SWIFT_ACTIVE_COMPILATION_CONDITIONS = DEBUG;
				SWIFT_OPTIMIZATION_LEVEL = "-Onone";
			};
			name = Debug;
		};
		C14FAC8B2941F4520057C3DB /* Release */ = {
			isa = XCBuildConfiguration;
			buildSettings = {
				ALWAYS_SEARCH_USER_PATHS = NO;
				CLANG_ANALYZER_NONNULL = YES;
				CLANG_ANALYZER_NUMBER_OBJECT_CONVERSION = YES_AGGRESSIVE;
				CLANG_CXX_LANGUAGE_STANDARD = "gnu++20";
				CLANG_ENABLE_MODULES = YES;
				CLANG_ENABLE_OBJC_ARC = YES;
				CLANG_ENABLE_OBJC_WEAK = YES;
				CLANG_WARN_BLOCK_CAPTURE_AUTORELEASING = YES;
				CLANG_WARN_BOOL_CONVERSION = YES;
				CLANG_WARN_COMMA = YES;
				CLANG_WARN_CONSTANT_CONVERSION = YES;
				CLANG_WARN_DEPRECATED_OBJC_IMPLEMENTATIONS = YES;
				CLANG_WARN_DIRECT_OBJC_ISA_USAGE = YES_ERROR;
				CLANG_WARN_DOCUMENTATION_COMMENTS = YES;
				CLANG_WARN_EMPTY_BODY = YES;
				CLANG_WARN_ENUM_CONVERSION = YES;
				CLANG_WARN_INFINITE_RECURSION = YES;
				CLANG_WARN_INT_CONVERSION = YES;
				CLANG_WARN_NON_LITERAL_NULL_CONVERSION = YES;
				CLANG_WARN_OBJC_IMPLICIT_RETAIN_SELF = YES;
				CLANG_WARN_OBJC_LITERAL_CONVERSION = YES;
				CLANG_WARN_OBJC_ROOT_CLASS = YES_ERROR;
				CLANG_WARN_QUOTED_INCLUDE_IN_FRAMEWORK_HEADER = YES;
				CLANG_WARN_RANGE_LOOP_ANALYSIS = YES;
				CLANG_WARN_STRICT_PROTOTYPES = YES;
				CLANG_WARN_SUSPICIOUS_MOVE = YES;
				CLANG_WARN_UNGUARDED_AVAILABILITY = YES_AGGRESSIVE;
				CLANG_WARN_UNREACHABLE_CODE = YES;
				CLANG_WARN__DUPLICATE_METHOD_MATCH = YES;
				COPY_PHASE_STRIP = NO;
				DEBUG_INFORMATION_FORMAT = "dwarf-with-dsym";
				ENABLE_NS_ASSERTIONS = NO;
				ENABLE_STRICT_OBJC_MSGSEND = YES;
				GCC_C_LANGUAGE_STANDARD = gnu11;
				GCC_NO_COMMON_BLOCKS = YES;
				GCC_WARN_64_TO_32_BIT_CONVERSION = YES;
				GCC_WARN_ABOUT_RETURN_TYPE = YES_ERROR;
				GCC_WARN_UNDECLARED_SELECTOR = YES;
				GCC_WARN_UNINITIALIZED_AUTOS = YES_AGGRESSIVE;
				GCC_WARN_UNUSED_FUNCTION = YES;
				GCC_WARN_UNUSED_VARIABLE = YES;
				IPHONEOS_DEPLOYMENT_TARGET = 16.1;
				MTL_ENABLE_DEBUG_INFO = NO;
				MTL_FAST_MATH = YES;
				SDKROOT = iphoneos;
				SWIFT_COMPILATION_MODE = wholemodule;
				SWIFT_OPTIMIZATION_LEVEL = "-O";
				VALIDATE_PRODUCT = YES;
			};
			name = Release;
		};
		C14FAC8D2941F4520057C3DB /* Debug */ = {
			isa = XCBuildConfiguration;
			buildSettings = {
				ASSETCATALOG_COMPILER_APPICON_NAME = AppIcon;
				ASSETCATALOG_COMPILER_GLOBAL_ACCENT_COLOR_NAME = AccentColor;
				CODE_SIGN_STYLE = Automatic;
				CURRENT_PROJECT_VERSION = 1;
				DEVELOPMENT_TEAM = ZD5K45Y4NW;
				GENERATE_INFOPLIST_FILE = YES;
				INFOPLIST_FILE = Running_Hi/Info.plist;
				INFOPLIST_KEY_UIApplicationSupportsIndirectInputEvents = YES;
				INFOPLIST_KEY_UILaunchStoryboardName = LaunchScreen;
				INFOPLIST_KEY_UISupportedInterfaceOrientations = UIInterfaceOrientationPortrait;
				INFOPLIST_KEY_UISupportedInterfaceOrientations_iPad = "UIInterfaceOrientationLandscapeLeft UIInterfaceOrientationLandscapeRight UIInterfaceOrientationPortrait UIInterfaceOrientationPortraitUpsideDown";
				IPHONEOS_DEPLOYMENT_TARGET = 14.0;
				LD_RUNPATH_SEARCH_PATHS = (
					"$(inherited)",
					"@executable_path/Frameworks",
				);
				MARKETING_VERSION = 1.0;
				PRODUCT_BUNDLE_IDENTIFIER = "com.wonsang.Running-Hi";
				PRODUCT_NAME = "$(TARGET_NAME)";
				SUPPORTED_PLATFORMS = "iphoneos iphonesimulator";
				SUPPORTS_MACCATALYST = NO;
				SUPPORTS_MAC_DESIGNED_FOR_IPHONE_IPAD = NO;
				SWIFT_EMIT_LOC_STRINGS = YES;
				SWIFT_VERSION = 5.0;
				TARGETED_DEVICE_FAMILY = 1;
			};
			name = Debug;
		};
		C14FAC8E2941F4520057C3DB /* Release */ = {
			isa = XCBuildConfiguration;
			buildSettings = {
				ASSETCATALOG_COMPILER_APPICON_NAME = AppIcon;
				ASSETCATALOG_COMPILER_GLOBAL_ACCENT_COLOR_NAME = AccentColor;
				CODE_SIGN_STYLE = Automatic;
				CURRENT_PROJECT_VERSION = 1;
				DEVELOPMENT_TEAM = ZD5K45Y4NW;
				GENERATE_INFOPLIST_FILE = YES;
				INFOPLIST_FILE = Running_Hi/Info.plist;
				INFOPLIST_KEY_UIApplicationSupportsIndirectInputEvents = YES;
				INFOPLIST_KEY_UILaunchStoryboardName = LaunchScreen;
				INFOPLIST_KEY_UISupportedInterfaceOrientations = UIInterfaceOrientationPortrait;
				INFOPLIST_KEY_UISupportedInterfaceOrientations_iPad = "UIInterfaceOrientationLandscapeLeft UIInterfaceOrientationLandscapeRight UIInterfaceOrientationPortrait UIInterfaceOrientationPortraitUpsideDown";
				IPHONEOS_DEPLOYMENT_TARGET = 14.0;
				LD_RUNPATH_SEARCH_PATHS = (
					"$(inherited)",
					"@executable_path/Frameworks",
				);
				MARKETING_VERSION = 1.0;
				PRODUCT_BUNDLE_IDENTIFIER = "com.wonsang.Running-Hi";
				PRODUCT_NAME = "$(TARGET_NAME)";
				SUPPORTED_PLATFORMS = "iphoneos iphonesimulator";
				SUPPORTS_MACCATALYST = NO;
				SUPPORTS_MAC_DESIGNED_FOR_IPHONE_IPAD = NO;
				SWIFT_EMIT_LOC_STRINGS = YES;
				SWIFT_VERSION = 5.0;
				TARGETED_DEVICE_FAMILY = 1;
			};
			name = Release;
		};
/* End XCBuildConfiguration section */

/* Begin XCConfigurationList section */
		C14FAC732941F4510057C3DB /* Build configuration list for PBXProject "Running_Hi" */ = {
			isa = XCConfigurationList;
			buildConfigurations = (
				C14FAC8A2941F4520057C3DB /* Debug */,
				C14FAC8B2941F4520057C3DB /* Release */,
			);
			defaultConfigurationIsVisible = 0;
			defaultConfigurationName = Release;
		};
		C14FAC8C2941F4520057C3DB /* Build configuration list for PBXNativeTarget "Running_Hi" */ = {
			isa = XCConfigurationList;
			buildConfigurations = (
				C14FAC8D2941F4520057C3DB /* Debug */,
				C14FAC8E2941F4520057C3DB /* Release */,
			);
			defaultConfigurationIsVisible = 0;
			defaultConfigurationName = Release;
		};
/* End XCConfigurationList section */
	};
	rootObject = C14FAC702941F4510057C3DB /* Project object */;
}
