// !$*UTF8*$!
{
	archiveVersion = 1;
	classes = {
	};
	objectVersion = 55;
	objects = {

/* Begin PBXBuildFile section */
		07966AA9B52DD2C502F3BF29 /* Pods_Running_Hi_Running_HiTests.framework in Frameworks */ = {isa = PBXBuildFile; fileRef = ACA82D9CFE53C68793AFEA59 /* Pods_Running_Hi_Running_HiTests.framework */; };
		250AB395CE8BFA3A8FF3BA5D /* Pods_Running_Hi.framework in Frameworks */ = {isa = PBXBuildFile; fileRef = 97A47DF3E7456218702A92A3 /* Pods_Running_Hi.framework */; };
		5318E085294B30670053EDDE /* AuthenticationViewController.swift in Sources */ = {isa = PBXBuildFile; fileRef = 5318E084294B30670053EDDE /* AuthenticationViewController.swift */; };
		534C2190295083D5000A3A0E /* SignUpNameViewModel.swift in Sources */ = {isa = PBXBuildFile; fileRef = 534C218F295083D5000A3A0E /* SignUpNameViewModel.swift */; };
		534C2192295087CA000A3A0E /* Coordinator.swift in Sources */ = {isa = PBXBuildFile; fileRef = 534C2191295087CA000A3A0E /* Coordinator.swift */; };
		534C21942950884F000A3A0E /* AutheticationViewCoordinator.swift in Sources */ = {isa = PBXBuildFile; fileRef = 534C21932950884F000A3A0E /* AutheticationViewCoordinator.swift */; };
		534C219629508F24000A3A0E /* AppCoordinator.swift in Sources */ = {isa = PBXBuildFile; fileRef = 534C219529508F24000A3A0E /* AppCoordinator.swift */; };
		534C219D295324CE000A3A0E /* User.swift in Sources */ = {isa = PBXBuildFile; fileRef = 534C219C295324CE000A3A0E /* User.swift */; };
		53E61C8B2955B232003A5E78 /* ServerServiceAPI.swift in Sources */ = {isa = PBXBuildFile; fileRef = 53E61C8A2955B232003A5E78 /* ServerServiceAPI.swift */; };
		53E61C8D2955B5A5003A5E78 /* OAuth.swift in Sources */ = {isa = PBXBuildFile; fileRef = 53E61C8C2955B5A5003A5E78 /* OAuth.swift */; };
		53E61C912956FC31003A5E78 /* Communication.swift in Sources */ = {isa = PBXBuildFile; fileRef = 53E61C902956FC31003A5E78 /* Communication.swift */; };
		53E61CA22958747D003A5E78 /* ServerServiceAPIManagerTests.swift in Sources */ = {isa = PBXBuildFile; fileRef = 53E61CA12958747D003A5E78 /* ServerServiceAPIManagerTests.swift */; };
		53E8F988294DB69300E7CCAD /* AuthenticationViewModel.swift in Sources */ = {isa = PBXBuildFile; fileRef = 53E8F987294DB69300E7CCAD /* AuthenticationViewModel.swift */; };
		53E8F98D294DDF4F00E7CCAD /* KakaoNetworkService.swift in Sources */ = {isa = PBXBuildFile; fileRef = 53E8F98C294DDF4F00E7CCAD /* KakaoNetworkService.swift */; };
		53F6A34E294EE299000B5E33 /* ServerServiceAPIManager.swift in Sources */ = {isa = PBXBuildFile; fileRef = 53F6A34D294EE299000B5E33 /* ServerServiceAPIManager.swift */; };
		53F6A352294EF63A000B5E33 /* SignUpNameViewController.swift in Sources */ = {isa = PBXBuildFile; fileRef = 53F6A351294EF63A000B5E33 /* SignUpNameViewController.swift */; };
		53F6A356294EFF90000B5E33 /* RunninghiTextField.swift in Sources */ = {isa = PBXBuildFile; fileRef = 53F6A355294EFF90000B5E33 /* RunninghiTextField.swift */; };
		C14FAC7C2941F4510057C3DB /* AppDelegate.swift in Sources */ = {isa = PBXBuildFile; fileRef = C14FAC7B2941F4510057C3DB /* AppDelegate.swift */; };
		C14FAC7E2941F4510057C3DB /* SceneDelegate.swift in Sources */ = {isa = PBXBuildFile; fileRef = C14FAC7D2941F4510057C3DB /* SceneDelegate.swift */; };
		C14FAC852941F4520057C3DB /* Assets.xcassets in Resources */ = {isa = PBXBuildFile; fileRef = C14FAC842941F4520057C3DB /* Assets.xcassets */; };
		C14FAC882941F4520057C3DB /* LaunchScreen.storyboard in Resources */ = {isa = PBXBuildFile; fileRef = C14FAC862941F4520057C3DB /* LaunchScreen.storyboard */; };
/* End PBXBuildFile section */

/* Begin PBXContainerItemProxy section */
		53E61C9A29587268003A5E78 /* PBXContainerItemProxy */ = {
			isa = PBXContainerItemProxy;
			containerPortal = C14FAC702941F4510057C3DB /* Project object */;
			proxyType = 1;
			remoteGlobalIDString = C14FAC772941F4510057C3DB;
			remoteInfo = Running_Hi;
		};
/* End PBXContainerItemProxy section */

/* Begin PBXFileReference section */
		2CC8834339157F168724CD63 /* Pods-Running_Hi.release.xcconfig */ = {isa = PBXFileReference; includeInIndex = 1; lastKnownFileType = text.xcconfig; name = "Pods-Running_Hi.release.xcconfig"; path = "Target Support Files/Pods-Running_Hi/Pods-Running_Hi.release.xcconfig"; sourceTree = "<group>"; };
		3CF8EC2FB90CE9F5F0737E06 /* Pods-Running_Hi-Running_HiTests.debug.xcconfig */ = {isa = PBXFileReference; includeInIndex = 1; lastKnownFileType = text.xcconfig; name = "Pods-Running_Hi-Running_HiTests.debug.xcconfig"; path = "Target Support Files/Pods-Running_Hi-Running_HiTests/Pods-Running_Hi-Running_HiTests.debug.xcconfig"; sourceTree = "<group>"; };
		5318E084294B30670053EDDE /* AuthenticationViewController.swift */ = {isa = PBXFileReference; lastKnownFileType = sourcecode.swift; path = AuthenticationViewController.swift; sourceTree = "<group>"; };
		534C218F295083D5000A3A0E /* SignUpNameViewModel.swift */ = {isa = PBXFileReference; lastKnownFileType = sourcecode.swift; path = SignUpNameViewModel.swift; sourceTree = "<group>"; };
		534C2191295087CA000A3A0E /* Coordinator.swift */ = {isa = PBXFileReference; lastKnownFileType = sourcecode.swift; path = Coordinator.swift; sourceTree = "<group>"; };
		534C21932950884F000A3A0E /* AutheticationViewCoordinator.swift */ = {isa = PBXFileReference; lastKnownFileType = sourcecode.swift; path = AutheticationViewCoordinator.swift; sourceTree = "<group>"; };
		534C219529508F24000A3A0E /* AppCoordinator.swift */ = {isa = PBXFileReference; lastKnownFileType = sourcecode.swift; path = AppCoordinator.swift; sourceTree = "<group>"; };
		534C219C295324CE000A3A0E /* User.swift */ = {isa = PBXFileReference; lastKnownFileType = sourcecode.swift; path = User.swift; sourceTree = "<group>"; };
		53E61C8A2955B232003A5E78 /* ServerServiceAPI.swift */ = {isa = PBXFileReference; lastKnownFileType = sourcecode.swift; path = ServerServiceAPI.swift; sourceTree = "<group>"; };
		53E61C8C2955B5A5003A5E78 /* OAuth.swift */ = {isa = PBXFileReference; lastKnownFileType = sourcecode.swift; path = OAuth.swift; sourceTree = "<group>"; };
		53E61C902956FC31003A5E78 /* Communication.swift */ = {isa = PBXFileReference; lastKnownFileType = sourcecode.swift; path = Communication.swift; sourceTree = "<group>"; };
		53E61C9629587268003A5E78 /* Running_HiTests.xctest */ = {isa = PBXFileReference; explicitFileType = wrapper.cfbundle; includeInIndex = 0; path = Running_HiTests.xctest; sourceTree = BUILT_PRODUCTS_DIR; };
		53E61CA12958747D003A5E78 /* ServerServiceAPIManagerTests.swift */ = {isa = PBXFileReference; lastKnownFileType = sourcecode.swift; path = ServerServiceAPIManagerTests.swift; sourceTree = "<group>"; };
		53E8F987294DB69300E7CCAD /* AuthenticationViewModel.swift */ = {isa = PBXFileReference; lastKnownFileType = sourcecode.swift; path = AuthenticationViewModel.swift; sourceTree = "<group>"; };
		53E8F98C294DDF4F00E7CCAD /* KakaoNetworkService.swift */ = {isa = PBXFileReference; lastKnownFileType = sourcecode.swift; path = KakaoNetworkService.swift; sourceTree = "<group>"; };
		53F6A34D294EE299000B5E33 /* ServerServiceAPIManager.swift */ = {isa = PBXFileReference; lastKnownFileType = sourcecode.swift; path = ServerServiceAPIManager.swift; sourceTree = "<group>"; };
		53F6A351294EF63A000B5E33 /* SignUpNameViewController.swift */ = {isa = PBXFileReference; lastKnownFileType = sourcecode.swift; path = SignUpNameViewController.swift; sourceTree = "<group>"; };
		53F6A355294EFF90000B5E33 /* RunninghiTextField.swift */ = {isa = PBXFileReference; lastKnownFileType = sourcecode.swift; path = RunninghiTextField.swift; sourceTree = "<group>"; };
		6565CA4036C5BD2165220641 /* Pods-Running_Hi-Running_HiTests.release.xcconfig */ = {isa = PBXFileReference; includeInIndex = 1; lastKnownFileType = text.xcconfig; name = "Pods-Running_Hi-Running_HiTests.release.xcconfig"; path = "Target Support Files/Pods-Running_Hi-Running_HiTests/Pods-Running_Hi-Running_HiTests.release.xcconfig"; sourceTree = "<group>"; };
		97A47DF3E7456218702A92A3 /* Pods_Running_Hi.framework */ = {isa = PBXFileReference; explicitFileType = wrapper.framework; includeInIndex = 0; path = Pods_Running_Hi.framework; sourceTree = BUILT_PRODUCTS_DIR; };
		9C6E7EFC1C98438D72AEB3A7 /* Pods-Running_Hi.debug.xcconfig */ = {isa = PBXFileReference; includeInIndex = 1; lastKnownFileType = text.xcconfig; name = "Pods-Running_Hi.debug.xcconfig"; path = "Target Support Files/Pods-Running_Hi/Pods-Running_Hi.debug.xcconfig"; sourceTree = "<group>"; };
		ACA82D9CFE53C68793AFEA59 /* Pods_Running_Hi_Running_HiTests.framework */ = {isa = PBXFileReference; explicitFileType = wrapper.framework; includeInIndex = 0; path = Pods_Running_Hi_Running_HiTests.framework; sourceTree = BUILT_PRODUCTS_DIR; };
		C14FAC782941F4510057C3DB /* Running_Hi.app */ = {isa = PBXFileReference; explicitFileType = wrapper.application; includeInIndex = 0; path = Running_Hi.app; sourceTree = BUILT_PRODUCTS_DIR; };
		C14FAC7B2941F4510057C3DB /* AppDelegate.swift */ = {isa = PBXFileReference; lastKnownFileType = sourcecode.swift; path = AppDelegate.swift; sourceTree = "<group>"; };
		C14FAC7D2941F4510057C3DB /* SceneDelegate.swift */ = {isa = PBXFileReference; lastKnownFileType = sourcecode.swift; path = SceneDelegate.swift; sourceTree = "<group>"; };
		C14FAC842941F4520057C3DB /* Assets.xcassets */ = {isa = PBXFileReference; lastKnownFileType = folder.assetcatalog; path = Assets.xcassets; sourceTree = "<group>"; };
		C14FAC872941F4520057C3DB /* Base */ = {isa = PBXFileReference; lastKnownFileType = file.storyboard; name = Base; path = Base.lproj/LaunchScreen.storyboard; sourceTree = "<group>"; };
		C14FAC892941F4520057C3DB /* Info.plist */ = {isa = PBXFileReference; lastKnownFileType = text.plist.xml; path = Info.plist; sourceTree = "<group>"; };
/* End PBXFileReference section */

/* Begin PBXFrameworksBuildPhase section */
		53E61C9329587268003A5E78 /* Frameworks */ = {
			isa = PBXFrameworksBuildPhase;
			buildActionMask = 2147483647;
			files = (
				07966AA9B52DD2C502F3BF29 /* Pods_Running_Hi_Running_HiTests.framework in Frameworks */,
			);
			runOnlyForDeploymentPostprocessing = 0;
		};
		C14FAC752941F4510057C3DB /* Frameworks */ = {
			isa = PBXFrameworksBuildPhase;
			buildActionMask = 2147483647;
			files = (
				250AB395CE8BFA3A8FF3BA5D /* Pods_Running_Hi.framework in Frameworks */,
			);
			runOnlyForDeploymentPostprocessing = 0;
		};
/* End PBXFrameworksBuildPhase section */

/* Begin PBXGroup section */
		3560BA8E8AB7304254C43E9F /* Frameworks */ = {
			isa = PBXGroup;
			children = (
				97A47DF3E7456218702A92A3 /* Pods_Running_Hi.framework */,
				ACA82D9CFE53C68793AFEA59 /* Pods_Running_Hi_Running_HiTests.framework */,
			);
			name = Frameworks;
			sourceTree = "<group>";
		};
		5318E083294B30550053EDDE /* AuthenticationScene */ = {
			isa = PBXGroup;
			children = (
				5318E084294B30670053EDDE /* AuthenticationViewController.swift */,
				53E8F987294DB69300E7CCAD /* AuthenticationViewModel.swift */,
				534C21932950884F000A3A0E /* AutheticationViewCoordinator.swift */,
			);
			path = AuthenticationScene;
			sourceTree = "<group>";
		};
		5318E086294B306E0053EDDE /* Resource */ = {
			isa = PBXGroup;
			children = (
				C14FAC7B2941F4510057C3DB /* AppDelegate.swift */,
				C14FAC7D2941F4510057C3DB /* SceneDelegate.swift */,
			);
			path = Resource;
			sourceTree = "<group>";
		};
		5353698E294DECA80067374C /* Domain */ = {
			isa = PBXGroup;
			children = (
				53F61720296160F800C605E7 /* UseCases */,
				53F6171F296160EF00C605E7 /* Interfaces */,
				5353698F294DECB10067374C /* Entities */,
			);
			path = Domain;
			sourceTree = "<group>";
		};
		5353698F294DECB10067374C /* Entities */ = {
			isa = PBXGroup;
			children = (
				534C219C295324CE000A3A0E /* User.swift */,
				53E61C8C2955B5A5003A5E78 /* OAuth.swift */,
				53E61C902956FC31003A5E78 /* Communication.swift */,
			);
			path = Entities;
			sourceTree = "<group>";
		};
		53E61C9729587268003A5E78 /* Running_HiTests */ = {
			isa = PBXGroup;
			children = (
				53E61CA12958747D003A5E78 /* ServerServiceAPIManagerTests.swift */,
			);
			path = Running_HiTests;
			sourceTree = "<group>";
		};
		53E8F98A294DDF2600E7CCAD /* Service */ = {
			isa = PBXGroup;
			children = (
				53E8F98B294DDF2B00E7CCAD /* Networks */,
			);
			path = Service;
			sourceTree = "<group>";
		};
		53E8F98B294DDF2B00E7CCAD /* Networks */ = {
			isa = PBXGroup;
			children = (
				53E8F98C294DDF4F00E7CCAD /* KakaoNetworkService.swift */,
				53F6A34D294EE299000B5E33 /* ServerServiceAPIManager.swift */,
				53E61C8A2955B232003A5E78 /* ServerServiceAPI.swift */,
			);
			path = Networks;
			sourceTree = "<group>";
		};
		53F6171F296160EF00C605E7 /* Interfaces */ = {
			isa = PBXGroup;
			children = (
			);
			path = Interfaces;
			sourceTree = "<group>";
		};
		53F61720296160F800C605E7 /* UseCases */ = {
			isa = PBXGroup;
			children = (
			);
			path = UseCases;
			sourceTree = "<group>";
		};
		53F617212961614400C605E7 /* Data */ = {
			isa = PBXGroup;
			children = (
				53F617242961616F00C605E7 /* DataTransferObjects */,
				53F617232961616A00C605E7 /* Interfaces */,
				53F617222961616000C605E7 /* Repositories */,
			);
			path = Data;
			sourceTree = "<group>";
		};
		53F617222961616000C605E7 /* Repositories */ = {
			isa = PBXGroup;
			children = (
			);
			path = Repositories;
			sourceTree = "<group>";
		};
		53F617232961616A00C605E7 /* Interfaces */ = {
			isa = PBXGroup;
			children = (
			);
			path = Interfaces;
			sourceTree = "<group>";
		};
		53F617242961616F00C605E7 /* DataTransferObjects */ = {
			isa = PBXGroup;
			children = (
			);
			path = DataTransferObjects;
			sourceTree = "<group>";
		};
		53F6A350294EF60B000B5E33 /* SignUpScene */ = {
			isa = PBXGroup;
			children = (
				53F6A351294EF63A000B5E33 /* SignUpNameViewController.swift */,
				534C218F295083D5000A3A0E /* SignUpNameViewModel.swift */,
			);
			path = SignUpScene;
			sourceTree = "<group>";
		};
		53F6A353294EFF67000B5E33 /* Common */ = {
			isa = PBXGroup;
			children = (
				53F6A354294EFF6E000B5E33 /* View */,
			);
			path = Common;
			sourceTree = "<group>";
		};
		53F6A354294EFF6E000B5E33 /* View */ = {
			isa = PBXGroup;
			children = (
				534C2191295087CA000A3A0E /* Coordinator.swift */,
				534C219529508F24000A3A0E /* AppCoordinator.swift */,
				53F6A355294EFF90000B5E33 /* RunninghiTextField.swift */,
			);
			path = View;
			sourceTree = "<group>";
		};
		B126A313C9ED0F13DFF447F1 /* Pods */ = {
			isa = PBXGroup;
			children = (
				9C6E7EFC1C98438D72AEB3A7 /* Pods-Running_Hi.debug.xcconfig */,
				2CC8834339157F168724CD63 /* Pods-Running_Hi.release.xcconfig */,
				3CF8EC2FB90CE9F5F0737E06 /* Pods-Running_Hi-Running_HiTests.debug.xcconfig */,
				6565CA4036C5BD2165220641 /* Pods-Running_Hi-Running_HiTests.release.xcconfig */,
			);
			path = Pods;
			sourceTree = "<group>";
		};
		C14FAC6F2941F4510057C3DB = {
			isa = PBXGroup;
			children = (
				C14FAC7A2941F4510057C3DB /* Running_Hi */,
				53E61C9729587268003A5E78 /* Running_HiTests */,
				C14FAC792941F4510057C3DB /* Products */,
				B126A313C9ED0F13DFF447F1 /* Pods */,
				3560BA8E8AB7304254C43E9F /* Frameworks */,
			);
			sourceTree = "<group>";
		};
		C14FAC792941F4510057C3DB /* Products */ = {
			isa = PBXGroup;
			children = (
				C14FAC782941F4510057C3DB /* Running_Hi.app */,
				53E61C9629587268003A5E78 /* Running_HiTests.xctest */,
			);
			name = Products;
			sourceTree = "<group>";
		};
		C14FAC7A2941F4510057C3DB /* Running_Hi */ = {
			isa = PBXGroup;
			children = (
				53F617212961614400C605E7 /* Data */,
				5353698E294DECA80067374C /* Domain */,
				5318E083294B30550053EDDE /* AuthenticationScene */,
				53F6A350294EF60B000B5E33 /* SignUpScene */,
				53E8F98A294DDF2600E7CCAD /* Service */,
				53F6A353294EFF67000B5E33 /* Common */,
				5318E086294B306E0053EDDE /* Resource */,
				C14FAC842941F4520057C3DB /* Assets.xcassets */,
				C14FAC862941F4520057C3DB /* LaunchScreen.storyboard */,
				C14FAC892941F4520057C3DB /* Info.plist */,
			);
			path = Running_Hi;
			sourceTree = "<group>";
		};
/* End PBXGroup section */

/* Begin PBXNativeTarget section */
		53E61C9529587268003A5E78 /* Running_HiTests */ = {
			isa = PBXNativeTarget;
			buildConfigurationList = 53E61C9C29587268003A5E78 /* Build configuration list for PBXNativeTarget "Running_HiTests" */;
			buildPhases = (
				0503AADC775601BB55133DC4 /* [CP] Check Pods Manifest.lock */,
				53E61C9229587268003A5E78 /* Sources */,
				53E61C9329587268003A5E78 /* Frameworks */,
				53E61C9429587268003A5E78 /* Resources */,
				1EBFF4A7837EA97C676E4B80 /* [CP] Embed Pods Frameworks */,
			);
			buildRules = (
			);
			dependencies = (
				53E61C9B29587268003A5E78 /* PBXTargetDependency */,
			);
			name = Running_HiTests;
			productName = Running_HiTests;
			productReference = 53E61C9629587268003A5E78 /* Running_HiTests.xctest */;
			productType = "com.apple.product-type.bundle.unit-test";
		};
		C14FAC772941F4510057C3DB /* Running_Hi */ = {
			isa = PBXNativeTarget;
			buildConfigurationList = C14FAC8C2941F4520057C3DB /* Build configuration list for PBXNativeTarget "Running_Hi" */;
			buildPhases = (
				A9954EB9B32C302A7541F883 /* [CP] Check Pods Manifest.lock */,
				C14FAC742941F4510057C3DB /* Sources */,
				C14FAC752941F4510057C3DB /* Frameworks */,
				C14FAC762941F4510057C3DB /* Resources */,
				ED27EA2C95D29E33FF495DD0 /* [CP] Embed Pods Frameworks */,
			);
			buildRules = (
			);
			dependencies = (
			);
			name = Running_Hi;
			productName = Running_Hi;
			productReference = C14FAC782941F4510057C3DB /* Running_Hi.app */;
			productType = "com.apple.product-type.application";
		};
/* End PBXNativeTarget section */

/* Begin PBXProject section */
		C14FAC702941F4510057C3DB /* Project object */ = {
			isa = PBXProject;
			attributes = {
				BuildIndependentTargetsInParallel = 1;
				LastSwiftUpdateCheck = 1420;
				LastUpgradeCheck = 1410;
				TargetAttributes = {
					53E61C9529587268003A5E78 = {
						CreatedOnToolsVersion = 14.2;
						TestTargetID = C14FAC772941F4510057C3DB;
					};
					C14FAC772941F4510057C3DB = {
						CreatedOnToolsVersion = 14.1;
					};
				};
			};
			buildConfigurationList = C14FAC732941F4510057C3DB /* Build configuration list for PBXProject "Running_Hi" */;
			compatibilityVersion = "Xcode 13.0";
			developmentRegion = en;
			hasScannedForEncodings = 0;
			knownRegions = (
				en,
				Base,
			);
			mainGroup = C14FAC6F2941F4510057C3DB;
			productRefGroup = C14FAC792941F4510057C3DB /* Products */;
			projectDirPath = "";
			projectRoot = "";
			targets = (
				C14FAC772941F4510057C3DB /* Running_Hi */,
				53E61C9529587268003A5E78 /* Running_HiTests */,
			);
		};
/* End PBXProject section */

/* Begin PBXResourcesBuildPhase section */
		53E61C9429587268003A5E78 /* Resources */ = {
			isa = PBXResourcesBuildPhase;
			buildActionMask = 2147483647;
			files = (
			);
			runOnlyForDeploymentPostprocessing = 0;
		};
		C14FAC762941F4510057C3DB /* Resources */ = {
			isa = PBXResourcesBuildPhase;
			buildActionMask = 2147483647;
			files = (
				C14FAC882941F4520057C3DB /* LaunchScreen.storyboard in Resources */,
				C14FAC852941F4520057C3DB /* Assets.xcassets in Resources */,
			);
			runOnlyForDeploymentPostprocessing = 0;
		};
/* End PBXResourcesBuildPhase section */

/* Begin PBXShellScriptBuildPhase section */
		0503AADC775601BB55133DC4 /* [CP] Check Pods Manifest.lock */ = {
			isa = PBXShellScriptBuildPhase;
			buildActionMask = 2147483647;
			files = (
			);
			inputFileListPaths = (
			);
			inputPaths = (
				"${PODS_PODFILE_DIR_PATH}/Podfile.lock",
				"${PODS_ROOT}/Manifest.lock",
			);
			name = "[CP] Check Pods Manifest.lock";
			outputFileListPaths = (
			);
			outputPaths = (
				"$(DERIVED_FILE_DIR)/Pods-Running_Hi-Running_HiTests-checkManifestLockResult.txt",
			);
			runOnlyForDeploymentPostprocessing = 0;
			shellPath = /bin/sh;
			shellScript = "diff \"${PODS_PODFILE_DIR_PATH}/Podfile.lock\" \"${PODS_ROOT}/Manifest.lock\" > /dev/null\nif [ $? != 0 ] ; then\n    # print error to STDERR\n    echo \"error: The sandbox is not in sync with the Podfile.lock. Run 'pod install' or update your CocoaPods installation.\" >&2\n    exit 1\nfi\n# This output is used by Xcode 'outputs' to avoid re-running this script phase.\necho \"SUCCESS\" > \"${SCRIPT_OUTPUT_FILE_0}\"\n";
			showEnvVarsInLog = 0;
		};
		1EBFF4A7837EA97C676E4B80 /* [CP] Embed Pods Frameworks */ = {
			isa = PBXShellScriptBuildPhase;
			buildActionMask = 2147483647;
			files = (
			);
			inputFileListPaths = (
				"${PODS_ROOT}/Target Support Files/Pods-Running_Hi-Running_HiTests/Pods-Running_Hi-Running_HiTests-frameworks-${CONFIGURATION}-input-files.xcfilelist",
			);
			name = "[CP] Embed Pods Frameworks";
			outputFileListPaths = (
				"${PODS_ROOT}/Target Support Files/Pods-Running_Hi-Running_HiTests/Pods-Running_Hi-Running_HiTests-frameworks-${CONFIGURATION}-output-files.xcfilelist",
			);
			runOnlyForDeploymentPostprocessing = 0;
			shellPath = /bin/sh;
			shellScript = "\"${PODS_ROOT}/Target Support Files/Pods-Running_Hi-Running_HiTests/Pods-Running_Hi-Running_HiTests-frameworks.sh\"\n";
			showEnvVarsInLog = 0;
		};
		A9954EB9B32C302A7541F883 /* [CP] Check Pods Manifest.lock */ = {
			isa = PBXShellScriptBuildPhase;
			buildActionMask = 2147483647;
			files = (
			);
			inputFileListPaths = (
			);
			inputPaths = (
				"${PODS_PODFILE_DIR_PATH}/Podfile.lock",
				"${PODS_ROOT}/Manifest.lock",
			);
			name = "[CP] Check Pods Manifest.lock";
			outputFileListPaths = (
			);
			outputPaths = (
				"$(DERIVED_FILE_DIR)/Pods-Running_Hi-checkManifestLockResult.txt",
			);
			runOnlyForDeploymentPostprocessing = 0;
			shellPath = /bin/sh;
			shellScript = "diff \"${PODS_PODFILE_DIR_PATH}/Podfile.lock\" \"${PODS_ROOT}/Manifest.lock\" > /dev/null\nif [ $? != 0 ] ; then\n    # print error to STDERR\n    echo \"error: The sandbox is not in sync with the Podfile.lock. Run 'pod install' or update your CocoaPods installation.\" >&2\n    exit 1\nfi\n# This output is used by Xcode 'outputs' to avoid re-running this script phase.\necho \"SUCCESS\" > \"${SCRIPT_OUTPUT_FILE_0}\"\n";
			showEnvVarsInLog = 0;
		};
		ED27EA2C95D29E33FF495DD0 /* [CP] Embed Pods Frameworks */ = {
			isa = PBXShellScriptBuildPhase;
			buildActionMask = 2147483647;
			files = (
			);
			inputFileListPaths = (
				"${PODS_ROOT}/Target Support Files/Pods-Running_Hi/Pods-Running_Hi-frameworks-${CONFIGURATION}-input-files.xcfilelist",
			);
			name = "[CP] Embed Pods Frameworks";
			outputFileListPaths = (
				"${PODS_ROOT}/Target Support Files/Pods-Running_Hi/Pods-Running_Hi-frameworks-${CONFIGURATION}-output-files.xcfilelist",
			);
			runOnlyForDeploymentPostprocessing = 0;
			shellPath = /bin/sh;
			shellScript = "\"${PODS_ROOT}/Target Support Files/Pods-Running_Hi/Pods-Running_Hi-frameworks.sh\"\n";
			showEnvVarsInLog = 0;
		};
/* End PBXShellScriptBuildPhase section */

/* Begin PBXSourcesBuildPhase section */
		53E61C9229587268003A5E78 /* Sources */ = {
			isa = PBXSourcesBuildPhase;
			buildActionMask = 2147483647;
			files = (
				53E61CA22958747D003A5E78 /* ServerServiceAPIManagerTests.swift in Sources */,
			);
			runOnlyForDeploymentPostprocessing = 0;
		};
		C14FAC742941F4510057C3DB /* Sources */ = {
			isa = PBXSourcesBuildPhase;
			buildActionMask = 2147483647;
			files = (
				53E61C912956FC31003A5E78 /* Communication.swift in Sources */,
				534C219629508F24000A3A0E /* AppCoordinator.swift in Sources */,
				534C2192295087CA000A3A0E /* Coordinator.swift in Sources */,
				C14FAC7C2941F4510057C3DB /* AppDelegate.swift in Sources */,
				53F6A356294EFF90000B5E33 /* RunninghiTextField.swift in Sources */,
				534C21942950884F000A3A0E /* AutheticationViewCoordinator.swift in Sources */,
				534C2190295083D5000A3A0E /* SignUpNameViewModel.swift in Sources */,
				53E8F98D294DDF4F00E7CCAD /* KakaoNetworkService.swift in Sources */,
				5318E085294B30670053EDDE /* AuthenticationViewController.swift in Sources */,
				53F6A352294EF63A000B5E33 /* SignUpNameViewController.swift in Sources */,
				53F6A34E294EE299000B5E33 /* ServerServiceAPIManager.swift in Sources */,
				C14FAC7E2941F4510057C3DB /* SceneDelegate.swift in Sources */,
				53E61C8B2955B232003A5E78 /* ServerServiceAPI.swift in Sources */,
				534C219D295324CE000A3A0E /* User.swift in Sources */,
				53E8F988294DB69300E7CCAD /* AuthenticationViewModel.swift in Sources */,
				53E61C8D2955B5A5003A5E78 /* OAuth.swift in Sources */,
			);
			runOnlyForDeploymentPostprocessing = 0;
		};
/* End PBXSourcesBuildPhase section */

/* Begin PBXTargetDependency section */
		53E61C9B29587268003A5E78 /* PBXTargetDependency */ = {
			isa = PBXTargetDependency;
			target = C14FAC772941F4510057C3DB /* Running_Hi */;
			targetProxy = 53E61C9A29587268003A5E78 /* PBXContainerItemProxy */;
		};
/* End PBXTargetDependency section */

/* Begin PBXVariantGroup section */
		C14FAC862941F4520057C3DB /* LaunchScreen.storyboard */ = {
			isa = PBXVariantGroup;
			children = (
				C14FAC872941F4520057C3DB /* Base */,
			);
			name = LaunchScreen.storyboard;
			sourceTree = "<group>";
		};
/* End PBXVariantGroup section */

/* Begin XCBuildConfiguration section */
		53E61C9D29587268003A5E78 /* Debug */ = {
			isa = XCBuildConfiguration;
			baseConfigurationReference = 3CF8EC2FB90CE9F5F0737E06 /* Pods-Running_Hi-Running_HiTests.debug.xcconfig */;
			buildSettings = {
				BUNDLE_LOADER = "$(TEST_HOST)";
				CODE_SIGN_STYLE = Automatic;
				CURRENT_PROJECT_VERSION = 1;
				DEVELOPMENT_TEAM = 5UYBRX8UM9;
				GENERATE_INFOPLIST_FILE = YES;
				IPHONEOS_DEPLOYMENT_TARGET = 16.2;
				MACOSX_DEPLOYMENT_TARGET = 13.0;
				MARKETING_VERSION = 1.0;
				PRODUCT_BUNDLE_IDENTIFIER = "com.jonpyoAhn.Running-HiTests";
				PRODUCT_NAME = "$(TARGET_NAME)";
				SDKROOT = auto;
				SUPPORTED_PLATFORMS = "iphoneos iphonesimulator macosx";
				SWIFT_EMIT_LOC_STRINGS = NO;
				SWIFT_VERSION = 5.0;
				TARGETED_DEVICE_FAMILY = "1,2";
				TEST_HOST = "$(BUILT_PRODUCTS_DIR)/Running_Hi.app/$(BUNDLE_EXECUTABLE_FOLDER_PATH)/Running_Hi";
			};
			name = Debug;
		};
		53E61C9E29587268003A5E78 /* Release */ = {
			isa = XCBuildConfiguration;
			baseConfigurationReference = 6565CA4036C5BD2165220641 /* Pods-Running_Hi-Running_HiTests.release.xcconfig */;
			buildSettings = {
				BUNDLE_LOADER = "$(TEST_HOST)";
				CODE_SIGN_STYLE = Automatic;
				CURRENT_PROJECT_VERSION = 1;
				DEVELOPMENT_TEAM = 5UYBRX8UM9;
				GENERATE_INFOPLIST_FILE = YES;
				IPHONEOS_DEPLOYMENT_TARGET = 16.2;
				MACOSX_DEPLOYMENT_TARGET = 13.0;
				MARKETING_VERSION = 1.0;
				PRODUCT_BUNDLE_IDENTIFIER = "com.jonpyoAhn.Running-HiTests";
				PRODUCT_NAME = "$(TARGET_NAME)";
				SDKROOT = auto;
				SUPPORTED_PLATFORMS = "iphoneos iphonesimulator macosx";
				SWIFT_EMIT_LOC_STRINGS = NO;
				SWIFT_VERSION = 5.0;
				TARGETED_DEVICE_FAMILY = "1,2";
				TEST_HOST = "$(BUILT_PRODUCTS_DIR)/Running_Hi.app/$(BUNDLE_EXECUTABLE_FOLDER_PATH)/Running_Hi";
			};
			name = Release;
		};
		C14FAC8A2941F4520057C3DB /* Debug */ = {
			isa = XCBuildConfiguration;
			buildSettings = {
				ALWAYS_SEARCH_USER_PATHS = NO;
				CLANG_ANALYZER_NONNULL = YES;
				CLANG_ANALYZER_NUMBER_OBJECT_CONVERSION = YES_AGGRESSIVE;
				CLANG_CXX_LANGUAGE_STANDARD = "gnu++20";
				CLANG_ENABLE_MODULES = YES;
				CLANG_ENABLE_OBJC_ARC = YES;
				CLANG_ENABLE_OBJC_WEAK = YES;
				CLANG_WARN_BLOCK_CAPTURE_AUTORELEASING = YES;
				CLANG_WARN_BOOL_CONVERSION = YES;
				CLANG_WARN_COMMA = YES;
				CLANG_WARN_CONSTANT_CONVERSION = YES;
				CLANG_WARN_DEPRECATED_OBJC_IMPLEMENTATIONS = YES;
				CLANG_WARN_DIRECT_OBJC_ISA_USAGE = YES_ERROR;
				CLANG_WARN_DOCUMENTATION_COMMENTS = YES;
				CLANG_WARN_EMPTY_BODY = YES;
				CLANG_WARN_ENUM_CONVERSION = YES;
				CLANG_WARN_INFINITE_RECURSION = YES;
				CLANG_WARN_INT_CONVERSION = YES;
				CLANG_WARN_NON_LITERAL_NULL_CONVERSION = YES;
				CLANG_WARN_OBJC_IMPLICIT_RETAIN_SELF = YES;
				CLANG_WARN_OBJC_LITERAL_CONVERSION = YES;
				CLANG_WARN_OBJC_ROOT_CLASS = YES_ERROR;
				CLANG_WARN_QUOTED_INCLUDE_IN_FRAMEWORK_HEADER = YES;
				CLANG_WARN_RANGE_LOOP_ANALYSIS = YES;
				CLANG_WARN_STRICT_PROTOTYPES = YES;
				CLANG_WARN_SUSPICIOUS_MOVE = YES;
				CLANG_WARN_UNGUARDED_AVAILABILITY = YES_AGGRESSIVE;
				CLANG_WARN_UNREACHABLE_CODE = YES;
				CLANG_WARN__DUPLICATE_METHOD_MATCH = YES;
				COPY_PHASE_STRIP = NO;
				DEBUG_INFORMATION_FORMAT = dwarf;
				ENABLE_STRICT_OBJC_MSGSEND = YES;
				ENABLE_TESTABILITY = YES;
				GCC_C_LANGUAGE_STANDARD = gnu11;
				GCC_DYNAMIC_NO_PIC = NO;
				GCC_NO_COMMON_BLOCKS = YES;
				GCC_OPTIMIZATION_LEVEL = 0;
				GCC_PREPROCESSOR_DEFINITIONS = (
					"DEBUG=1",
					"$(inherited)",
				);
				GCC_WARN_64_TO_32_BIT_CONVERSION = YES;
				GCC_WARN_ABOUT_RETURN_TYPE = YES_ERROR;
				GCC_WARN_UNDECLARED_SELECTOR = YES;
				GCC_WARN_UNINITIALIZED_AUTOS = YES_AGGRESSIVE;
				GCC_WARN_UNUSED_FUNCTION = YES;
				GCC_WARN_UNUSED_VARIABLE = YES;
				IPHONEOS_DEPLOYMENT_TARGET = 16.1;
				MTL_ENABLE_DEBUG_INFO = INCLUDE_SOURCE;
				MTL_FAST_MATH = YES;
				ONLY_ACTIVE_ARCH = YES;
				SDKROOT = iphoneos;
				SWIFT_ACTIVE_COMPILATION_CONDITIONS = DEBUG;
				SWIFT_OPTIMIZATION_LEVEL = "-Onone";
			};
			name = Debug;
		};
		C14FAC8B2941F4520057C3DB /* Release */ = {
			isa = XCBuildConfiguration;
			buildSettings = {
				ALWAYS_SEARCH_USER_PATHS = NO;
				CLANG_ANALYZER_NONNULL = YES;
				CLANG_ANALYZER_NUMBER_OBJECT_CONVERSION = YES_AGGRESSIVE;
				CLANG_CXX_LANGUAGE_STANDARD = "gnu++20";
				CLANG_ENABLE_MODULES = YES;
				CLANG_ENABLE_OBJC_ARC = YES;
				CLANG_ENABLE_OBJC_WEAK = YES;
				CLANG_WARN_BLOCK_CAPTURE_AUTORELEASING = YES;
				CLANG_WARN_BOOL_CONVERSION = YES;
				CLANG_WARN_COMMA = YES;
				CLANG_WARN_CONSTANT_CONVERSION = YES;
				CLANG_WARN_DEPRECATED_OBJC_IMPLEMENTATIONS = YES;
				CLANG_WARN_DIRECT_OBJC_ISA_USAGE = YES_ERROR;
				CLANG_WARN_DOCUMENTATION_COMMENTS = YES;
				CLANG_WARN_EMPTY_BODY = YES;
				CLANG_WARN_ENUM_CONVERSION = YES;
				CLANG_WARN_INFINITE_RECURSION = YES;
				CLANG_WARN_INT_CONVERSION = YES;
				CLANG_WARN_NON_LITERAL_NULL_CONVERSION = YES;
				CLANG_WARN_OBJC_IMPLICIT_RETAIN_SELF = YES;
				CLANG_WARN_OBJC_LITERAL_CONVERSION = YES;
				CLANG_WARN_OBJC_ROOT_CLASS = YES_ERROR;
				CLANG_WARN_QUOTED_INCLUDE_IN_FRAMEWORK_HEADER = YES;
				CLANG_WARN_RANGE_LOOP_ANALYSIS = YES;
				CLANG_WARN_STRICT_PROTOTYPES = YES;
				CLANG_WARN_SUSPICIOUS_MOVE = YES;
				CLANG_WARN_UNGUARDED_AVAILABILITY = YES_AGGRESSIVE;
				CLANG_WARN_UNREACHABLE_CODE = YES;
				CLANG_WARN__DUPLICATE_METHOD_MATCH = YES;
				COPY_PHASE_STRIP = NO;
				DEBUG_INFORMATION_FORMAT = "dwarf-with-dsym";
				ENABLE_NS_ASSERTIONS = NO;
				ENABLE_STRICT_OBJC_MSGSEND = YES;
				ENABLE_TESTABILITY = YES;
				GCC_C_LANGUAGE_STANDARD = gnu11;
				GCC_NO_COMMON_BLOCKS = YES;
				GCC_WARN_64_TO_32_BIT_CONVERSION = YES;
				GCC_WARN_ABOUT_RETURN_TYPE = YES_ERROR;
				GCC_WARN_UNDECLARED_SELECTOR = YES;
				GCC_WARN_UNINITIALIZED_AUTOS = YES_AGGRESSIVE;
				GCC_WARN_UNUSED_FUNCTION = YES;
				GCC_WARN_UNUSED_VARIABLE = YES;
				IPHONEOS_DEPLOYMENT_TARGET = 16.1;
				MTL_ENABLE_DEBUG_INFO = NO;
				MTL_FAST_MATH = YES;
				ONLY_ACTIVE_ARCH = YES;
				SDKROOT = iphoneos;
				SWIFT_COMPILATION_MODE = wholemodule;
				SWIFT_OPTIMIZATION_LEVEL = "-O";
				VALIDATE_PRODUCT = YES;
			};
			name = Release;
		};
		C14FAC8D2941F4520057C3DB /* Debug */ = {
			isa = XCBuildConfiguration;
			baseConfigurationReference = 9C6E7EFC1C98438D72AEB3A7 /* Pods-Running_Hi.debug.xcconfig */;
			buildSettings = {
				ASSETCATALOG_COMPILER_APPICON_NAME = AppIcon;
				ASSETCATALOG_COMPILER_GLOBAL_ACCENT_COLOR_NAME = AccentColor;
				CODE_SIGN_STYLE = Automatic;
				CURRENT_PROJECT_VERSION = 1;
				DEVELOPMENT_TEAM = 5UYBRX8UM9;
				GENERATE_INFOPLIST_FILE = YES;
				INFOPLIST_FILE = Running_Hi/Info.plist;
				INFOPLIST_KEY_UIApplicationSupportsIndirectInputEvents = YES;
				INFOPLIST_KEY_UILaunchStoryboardName = LaunchScreen;
				INFOPLIST_KEY_UISupportedInterfaceOrientations = UIInterfaceOrientationPortrait;
				INFOPLIST_KEY_UISupportedInterfaceOrientations_iPad = "UIInterfaceOrientationLandscapeLeft UIInterfaceOrientationLandscapeRight UIInterfaceOrientationPortrait UIInterfaceOrientationPortraitUpsideDown";
				IPHONEOS_DEPLOYMENT_TARGET = 14.0;
				LD_RUNPATH_SEARCH_PATHS = (
					"$(inherited)",
					"@executable_path/Frameworks",
				);
				MARKETING_VERSION = 1.0;
				PRODUCT_BUNDLE_IDENTIFIER = "com.fourpeople.Running-Hi";
				PRODUCT_NAME = "$(TARGET_NAME)";
				SUPPORTED_PLATFORMS = "iphoneos iphonesimulator";
				SUPPORTS_MACCATALYST = NO;
				SUPPORTS_MAC_DESIGNED_FOR_IPHONE_IPAD = NO;
				SWIFT_EMIT_LOC_STRINGS = YES;
				SWIFT_VERSION = 5.0;
				TARGETED_DEVICE_FAMILY = 1;
			};
			name = Debug;
		};
		C14FAC8E2941F4520057C3DB /* Release */ = {
			isa = XCBuildConfiguration;
			baseConfigurationReference = 2CC8834339157F168724CD63 /* Pods-Running_Hi.release.xcconfig */;
			buildSettings = {
				ASSETCATALOG_COMPILER_APPICON_NAME = AppIcon;
				ASSETCATALOG_COMPILER_GLOBAL_ACCENT_COLOR_NAME = AccentColor;
				CODE_SIGN_STYLE = Automatic;
				CURRENT_PROJECT_VERSION = 1;
				DEVELOPMENT_TEAM = 5UYBRX8UM9;
				GENERATE_INFOPLIST_FILE = YES;
				INFOPLIST_FILE = Running_Hi/Info.plist;
				INFOPLIST_KEY_UIApplicationSupportsIndirectInputEvents = YES;
				INFOPLIST_KEY_UILaunchStoryboardName = LaunchScreen;
				INFOPLIST_KEY_UISupportedInterfaceOrientations = UIInterfaceOrientationPortrait;
				INFOPLIST_KEY_UISupportedInterfaceOrientations_iPad = "UIInterfaceOrientationLandscapeLeft UIInterfaceOrientationLandscapeRight UIInterfaceOrientationPortrait UIInterfaceOrientationPortraitUpsideDown";
				IPHONEOS_DEPLOYMENT_TARGET = 14.0;
				LD_RUNPATH_SEARCH_PATHS = (
					"$(inherited)",
					"@executable_path/Frameworks",
				);
				MARKETING_VERSION = 1.0;
				PRODUCT_BUNDLE_IDENTIFIER = "com.fourpeople.Running-Hi";
				PRODUCT_NAME = "$(TARGET_NAME)";
				SUPPORTED_PLATFORMS = "iphoneos iphonesimulator";
				SUPPORTS_MACCATALYST = NO;
				SUPPORTS_MAC_DESIGNED_FOR_IPHONE_IPAD = NO;
				SWIFT_EMIT_LOC_STRINGS = YES;
				SWIFT_VERSION = 5.0;
				TARGETED_DEVICE_FAMILY = 1;
			};
			name = Release;
		};
/* End XCBuildConfiguration section */

/* Begin XCConfigurationList section */
		53E61C9C29587268003A5E78 /* Build configuration list for PBXNativeTarget "Running_HiTests" */ = {
			isa = XCConfigurationList;
			buildConfigurations = (
				53E61C9D29587268003A5E78 /* Debug */,
				53E61C9E29587268003A5E78 /* Release */,
			);
			defaultConfigurationIsVisible = 0;
			defaultConfigurationName = Release;
		};
		C14FAC732941F4510057C3DB /* Build configuration list for PBXProject "Running_Hi" */ = {
			isa = XCConfigurationList;
			buildConfigurations = (
				C14FAC8A2941F4520057C3DB /* Debug */,
				C14FAC8B2941F4520057C3DB /* Release */,
			);
			defaultConfigurationIsVisible = 0;
			defaultConfigurationName = Release;
		};
		C14FAC8C2941F4520057C3DB /* Build configuration list for PBXNativeTarget "Running_Hi" */ = {
			isa = XCConfigurationList;
			buildConfigurations = (
				C14FAC8D2941F4520057C3DB /* Debug */,
				C14FAC8E2941F4520057C3DB /* Release */,
			);
			defaultConfigurationIsVisible = 0;
			defaultConfigurationName = Release;
		};
/* End XCConfigurationList section */
	};
	rootObject = C14FAC702941F4510057C3DB /* Project object */;
}
